{
  "name": "bluetootctl",
  "version": "1.0.0",
  "lockfileVersion": 1,
  "requires": true,
  "dependencies": {
    "extend": {
      "version": "3.0.1",
      "resolved": "https://registry.npmjs.org/extend/-/extend-3.0.1.tgz",
      "integrity": "sha1-p1Xqe8Gt/MWjHOfnYtuq3F5jZEQ="
    },
    "nan": {
      "version": "2.4.0",
      "resolved": "https://registry.npmjs.org/nan/-/nan-2.4.0.tgz",
      "integrity": "sha1-+zxZ1F/k7/4hXwuJD4rfbrMtIjI="
    },
    "ptyw.js": {
      "version": "0.4.1",
      "resolved": "https://registry.npmjs.org/ptyw.js/-/ptyw.js-0.4.1.tgz",
      "integrity": "sha1-YqgBSSwtOS54BbXQybzqs52Eidk=",
      "requires": {
        "extend": "3.0.1",
        "nan": "2.4.0"
      }
    }
  }
}
